lockfileVersion: 5.4

specifiers:
  electron-is: ^3.0.0
  electron-log: ^4.4.8
  is-type-of: ^1.2.1

dependencies:
  electron-is: 3.0.0
  is-type-of: 1.2.1

devDependencies:
  electron-log: 4.4.8

packages:

  /core-util-is/1.0.3:
    resolution: {integrity: sha512-ZQBvi1DcpJ4GDqanjucZ2Hj3wEO5pZDS89BWbkcrvdxksJorwUDDZamX9ldFkp9aw2lmBDLgkObEA4DWNJ9FYQ==}
    dev: false

  /electron-is-dev/0.3.0:
    resolution: {integrity: sha512-jLttuuq8QK67n3mXmIe9pkrO7IH3LGIk12xJkhTmc852U2sCJaRAOpRGPSh+1Xnzck5v9escd9YXzuze9nGejg==}
    dev: false

  /electron-is/3.0.0:
    resolution: {integrity: sha512-aQv1y3WrDZ+mtO8acbhiiip/8fa0Et7cvZyvlqJm2H7fih4hiJWEFRyYxzLgDG2kmiLdF8l3y5tbek5JFOPQkQ==}
    dependencies:
      electron-is-dev: 0.3.0
      semver: 5.7.1
    dev: false

  /electron-log/4.4.8:
    resolution: {integrity: sha512-QQ4GvrXO+HkgqqEOYbi+DHL7hj5JM+nHi/j+qrN9zeeXVKy8ZABgbu4CnG+BBqDZ2+tbeq9tUC4DZfIWFU5AZA==}
    dev: true

  /is-class-hotfix/0.0.6:
    resolution: {integrity: sha512-0n+pzCC6ICtVr/WXnN2f03TK/3BfXY7me4cjCAqT8TYXEl0+JBRoqBo94JJHXcyDSLUeWbNX8Fvy5g5RJdAstQ==}
    dev: false

  /is-type-of/1.2.1:
    resolution: {integrity: sha512-uK0kyX9LZYhSDS7H2sVJQJop1UnWPWmo5RvR3q2kFH6AUHYs7sOrVg0b4nyBHw29kRRNFofYN/JbHZDlHiItTA==}
    dependencies:
      core-util-is: 1.0.3
      is-class-hotfix: 0.0.6
      isstream: 0.1.2
    dev: false

  /isstream/0.1.2:
    resolution: {integrity: sha512-Yljz7ffyPbrLpLngrMtZ7NduUgVvi6wG9RJ9IUcyCd59YQ911PBJphODUcbOVbqYfxe1wuYf/LJ8PauMRwsM/g==}
    dev: false

  /semver/5.7.1:
    resolution: {integrity: sha512-sauaDf/PZdVgrLTNYHRtpXa1iRiKcaebiKQ1BJdpQlWH2lCvexQdX55snPFyK7QzpudqbCI0qXFfOasHdyNDGQ==}
    hasBin: true
    dev: false
